
Microsoft Visual Studio Solution File, Format Version 12.00
# Visual Studio Version 17
VisualStudioVersion = 17.13.35825.156
MinimumVisualStudioVersion = 10.0.40219.1
Project("{FAE04EC0-301F-11D3-BF4B-00C04F79EFBC}") = "WindowsFormsZZZ", "WindowsFormsZZZ.csproj", "{03D64153-EEDC-4381-B4F0-A915BD0A48C1}"
EndProject
Project("{FAE04EC0-301F-11D3-BF4B-00C04F79EFBC}") = "Testing", "..\Testing\Testing.csproj", "{A13B9918-4DCA-4504-A0D4-08707F751D77}"
EndProject
Project("{FAE04EC0-301F-11D3-BF4B-00C04F79EFBC}") = "MyLib", "..\MyLib\MyLib.csproj", "{0FB7490E-D35D-4490-AD7E-3F3D56EF1C43}"
EndProject
Global
	GlobalSection(SolutionConfigurationPlatforms) = preSolution
		Debug|Any CPU = Debug|Any CPU
		Release|Any CPU = Release|Any CPU
	EndGlobalSection
	GlobalSection(ProjectConfigurationPlatforms) = postSolution
		{03D64153-EEDC-4381-B4F0-A915BD0A48C1}.Debug|Any CPU.ActiveCfg = Debug|Any CPU
		{03D64153-EEDC-4381-B4F0-A915BD0A48C1}.Debug|Any CPU.Build.0 = Debug|Any CPU
		{03D64153-EEDC-4381-B4F0-A915BD0A48C1}.Release|Any CPU.ActiveCfg = Release|Any CPU
		{03D64153-EEDC-4381-B4F0-A915BD0A48C1}.Release|Any CPU.Build.0 = Release|Any CPU
		{A13B9918-4DCA-4504-A0D4-08707F751D77}.Debug|Any CPU.ActiveCfg = Debug|Any CPU
		{A13B9918-4DCA-4504-A0D4-08707F751D77}.Debug|Any CPU.Build.0 = Debug|Any CPU
		{A13B9918-4DCA-4504-A0D4-08707F751D77}.Release|Any CPU.ActiveCfg = Release|Any CPU
		{A13B9918-4DCA-4504-A0D4-08707F751D77}.Release|Any CPU.Build.0 = Release|Any CPU
		{0FB7490E-D35D-4490-AD7E-3F3D56EF1C43}.Debug|Any CPU.ActiveCfg = Debug|Any CPU
		{0FB7490E-D35D-4490-AD7E-3F3D56EF1C43}.Debug|Any CPU.Build.0 = Debug|Any CPU
		{0FB7490E-D35D-4490-AD7E-3F3D56EF1C43}.Release|Any CPU.ActiveCfg = Release|Any CPU
		{0FB7490E-D35D-4490-AD7E-3F3D56EF1C43}.Release|Any CPU.Build.0 = Release|Any CPU
	EndGlobalSection
	GlobalSection(SolutionProperties) = preSolution
		HideSolutionNode = FALSE
	EndGlobalSection
	GlobalSection(ExtensibilityGlobals) = postSolution
		SolutionGuid = {FC645411-4668-455C-B48E-4453985A00D3}
	EndGlobalSection
EndGlobal
