
Microsoft Visual Studio Solution File, Format Version 12.00
# Visual Studio Version 17
VisualStudioVersion = 17.13.35825.156 d17.13
MinimumVisualStudioVersion = 10.0.40219.1
Project("{FAE04EC0-301F-11D3-BF4B-00C04F79EFBC}") = "WindowsFormsZZ", "WindowsFormsZZ\WindowsFormsZZ.csproj", "{F5C08E29-7CC6-42B4-94D9-C7A21D2490F4}"
EndProject
Project("{FAE04EC0-301F-11D3-BF4B-00C04F79EFBC}") = "MyLib", "MyLib\MyLib.csproj", "{7AEFCEA7-0298-44D8-90E3-E335BBBD576B}"
EndProject
Project("{FAE04EC0-301F-11D3-BF4B-00C04F79EFBC}") = "Testing", "Testing\Testing.csproj", "{93C06445-0C80-4912-84A6-1BE970EA3E33}"
EndProject
Global
	GlobalSection(SolutionConfigurationPlatforms) = preSolution
		Debug|Any CPU = Debug|Any CPU
		Release|Any CPU = Release|Any CPU
	EndGlobalSection
	GlobalSection(ProjectConfigurationPlatforms) = postSolution
		{F5C08E29-7CC6-42B4-94D9-C7A21D2490F4}.Debug|Any CPU.ActiveCfg = Debug|Any CPU
		{F5C08E29-7CC6-42B4-94D9-C7A21D2490F4}.Debug|Any CPU.Build.0 = Debug|Any CPU
		{F5C08E29-7CC6-42B4-94D9-C7A21D2490F4}.Release|Any CPU.ActiveCfg = Release|Any CPU
		{F5C08E29-7CC6-42B4-94D9-C7A21D2490F4}.Release|Any CPU.Build.0 = Release|Any CPU
		{7AEFCEA7-0298-44D8-90E3-E335BBBD576B}.Debug|Any CPU.ActiveCfg = Debug|Any CPU
		{7AEFCEA7-0298-44D8-90E3-E335BBBD576B}.Debug|Any CPU.Build.0 = Debug|Any CPU
		{7AEFCEA7-0298-44D8-90E3-E335BBBD576B}.Release|Any CPU.ActiveCfg = Release|Any CPU
		{7AEFCEA7-0298-44D8-90E3-E335BBBD576B}.Release|Any CPU.Build.0 = Release|Any CPU
		{93C06445-0C80-4912-84A6-1BE970EA3E33}.Debug|Any CPU.ActiveCfg = Debug|Any CPU
		{93C06445-0C80-4912-84A6-1BE970EA3E33}.Debug|Any CPU.Build.0 = Debug|Any CPU
		{93C06445-0C80-4912-84A6-1BE970EA3E33}.Release|Any CPU.ActiveCfg = Release|Any CPU
		{93C06445-0C80-4912-84A6-1BE970EA3E33}.Release|Any CPU.Build.0 = Release|Any CPU
	EndGlobalSection
	GlobalSection(SolutionProperties) = preSolution
		HideSolutionNode = FALSE
	EndGlobalSection
	GlobalSection(ExtensibilityGlobals) = postSolution
		SolutionGuid = {96112C89-C797-4E31-9360-9B03764597E3}
	EndGlobalSection
EndGlobal
